
Microsoft Visual Studio Solution File, Format Version 12.00
# Visual Studio 14
VisualStudioVersion = 14.0.25420.1
MinimumVisualStudioVersion = 10.0.40219.1
Project("{8BC9CEB8-8B4A-11D0-8D11-00A0C91BC942}") = "RandomEnemyGenerator", "RandomEnemyGenerator\RandomEnemyGenerator.vcxproj", "{C9E470EB-0EBB-474D-9448-370ACAA26EB6}"
EndProject
Project("{8BC9CEB8-8B4A-11D0-8D11-00A0C91BC942}") = "TheWalkingDead", "TheWalkingDead\TheWalkingDead.vcxproj", "{530A3E77-DC1A-41BB-85F7-B1B6770F1657}"
EndProject
Project("{8BC9CEB8-8B4A-11D0-8D11-00A0C91BC942}") = "DynArray", "DynArray\DynArray.vcxproj", "{41B59949-5433-460A-9FB2-B58E4E3D86F0}"
EndProject
Project("{8BC9CEB8-8B4A-11D0-8D11-00A0C91BC942}") = "Test", "Test\Test.vcxproj", "{964B148C-5569-4DE6-BE84-B66D7470DFCB}"
EndProject
Project("{8BC9CEB8-8B4A-11D0-8D11-00A0C91BC942}") = "STL", "STL\STL.vcxproj", "{5CF50285-36A8-4E6C-8C29-AD1BE1568B3C}"
EndProject
Project("{8BC9CEB8-8B4A-11D0-8D11-00A0C91BC942}") = "PlayerRanking", "PlayerRanking\PlayerRanking.vcxproj", "{C2E6F110-912D-4A73-B3DB-A138D69B0168}"
EndProject
Project("{8BC9CEB8-8B4A-11D0-8D11-00A0C91BC942}") = "EscribirEnUnFicheroTexto", "EscribirEnUnFicheroTexto\EscribirEnUnFicheroTexto.vcxproj", "{D78D5007-8491-428B-BB57-2E5532567BAF}"
EndProject
Project("{8BC9CEB8-8B4A-11D0-8D11-00A0C91BC942}") = "Deque", "Deque\Deque.vcxproj", "{F0BE1990-7B04-48B6-995C-560FC33E3522}"
EndProject
Project("{8BC9CEB8-8B4A-11D0-8D11-00A0C91BC942}") = "Stack", "Stack\Stack.vcxproj", "{68725D5A-BC94-4494-92E7-826CFA19304A}"
EndProject
Project("{8BC9CEB8-8B4A-11D0-8D11-00A0C91BC942}") = "A10", "A10\A10.vcxproj", "{6CA4505F-B400-4757-9B1F-826B52F80E04}"
EndProject
Project("{8BC9CEB8-8B4A-11D0-8D11-00A0C91BC942}") = "A11", "A11\A11.vcxproj", "{B165FA94-5039-4C53-A09F-1EB58CCDF317}"
EndProject
Global
	GlobalSection(SolutionConfigurationPlatforms) = preSolution
		Debug|x64 = Debug|x64
		Debug|x86 = Debug|x86
		Release|x64 = Release|x64
		Release|x86 = Release|x86
	EndGlobalSection
	GlobalSection(ProjectConfigurationPlatforms) = postSolution
		{C9E470EB-0EBB-474D-9448-370ACAA26EB6}.Debug|x64.ActiveCfg = Debug|x64
		{C9E470EB-0EBB-474D-9448-370ACAA26EB6}.Debug|x64.Build.0 = Debug|x64
		{C9E470EB-0EBB-474D-9448-370ACAA26EB6}.Debug|x86.ActiveCfg = Debug|Win32
		{C9E470EB-0EBB-474D-9448-370ACAA26EB6}.Debug|x86.Build.0 = Debug|Win32
		{C9E470EB-0EBB-474D-9448-370ACAA26EB6}.Release|x64.ActiveCfg = Release|x64
		{C9E470EB-0EBB-474D-9448-370ACAA26EB6}.Release|x64.Build.0 = Release|x64
		{C9E470EB-0EBB-474D-9448-370ACAA26EB6}.Release|x86.ActiveCfg = Release|Win32
		{C9E470EB-0EBB-474D-9448-370ACAA26EB6}.Release|x86.Build.0 = Release|Win32
		{530A3E77-DC1A-41BB-85F7-B1B6770F1657}.Debug|x64.ActiveCfg = Debug|x64
		{530A3E77-DC1A-41BB-85F7-B1B6770F1657}.Debug|x64.Build.0 = Debug|x64
		{530A3E77-DC1A-41BB-85F7-B1B6770F1657}.Debug|x86.ActiveCfg = Debug|Win32
		{530A3E77-DC1A-41BB-85F7-B1B6770F1657}.Debug|x86.Build.0 = Debug|Win32
		{530A3E77-DC1A-41BB-85F7-B1B6770F1657}.Release|x64.ActiveCfg = Release|x64
		{530A3E77-DC1A-41BB-85F7-B1B6770F1657}.Release|x64.Build.0 = Release|x64
		{530A3E77-DC1A-41BB-85F7-B1B6770F1657}.Release|x86.ActiveCfg = Release|Win32
		{530A3E77-DC1A-41BB-85F7-B1B6770F1657}.Release|x86.Build.0 = Release|Win32
		{41B59949-5433-460A-9FB2-B58E4E3D86F0}.Debug|x64.ActiveCfg = Debug|x64
		{41B59949-5433-460A-9FB2-B58E4E3D86F0}.Debug|x64.Build.0 = Debug|x64
		{41B59949-5433-460A-9FB2-B58E4E3D86F0}.Debug|x86.ActiveCfg = Debug|Win32
		{41B59949-5433-460A-9FB2-B58E4E3D86F0}.Debug|x86.Build.0 = Debug|Win32
		{41B59949-5433-460A-9FB2-B58E4E3D86F0}.Release|x64.ActiveCfg = Release|x64
		{41B59949-5433-460A-9FB2-B58E4E3D86F0}.Release|x64.Build.0 = Release|x64
		{41B59949-5433-460A-9FB2-B58E4E3D86F0}.Release|x86.ActiveCfg = Release|Win32
		{41B59949-5433-460A-9FB2-B58E4E3D86F0}.Release|x86.Build.0 = Release|Win32
		{964B148C-5569-4DE6-BE84-B66D7470DFCB}.Debug|x64.ActiveCfg = Debug|x64
		{964B148C-5569-4DE6-BE84-B66D7470DFCB}.Debug|x64.Build.0 = Debug|x64
		{964B148C-5569-4DE6-BE84-B66D7470DFCB}.Debug|x86.ActiveCfg = Debug|Win32
		{964B148C-5569-4DE6-BE84-B66D7470DFCB}.Debug|x86.Build.0 = Debug|Win32
		{964B148C-5569-4DE6-BE84-B66D7470DFCB}.Release|x64.ActiveCfg = Release|x64
		{964B148C-5569-4DE6-BE84-B66D7470DFCB}.Release|x64.Build.0 = Release|x64
		{964B148C-5569-4DE6-BE84-B66D7470DFCB}.Release|x86.ActiveCfg = Release|Win32
		{964B148C-5569-4DE6-BE84-B66D7470DFCB}.Release|x86.Build.0 = Release|Win32
		{5CF50285-36A8-4E6C-8C29-AD1BE1568B3C}.Debug|x64.ActiveCfg = Debug|x64
		{5CF50285-36A8-4E6C-8C29-AD1BE1568B3C}.Debug|x64.Build.0 = Debug|x64
		{5CF50285-36A8-4E6C-8C29-AD1BE1568B3C}.Debug|x86.ActiveCfg = Debug|Win32
		{5CF50285-36A8-4E6C-8C29-AD1BE1568B3C}.Debug|x86.Build.0 = Debug|Win32
		{5CF50285-36A8-4E6C-8C29-AD1BE1568B3C}.Release|x64.ActiveCfg = Release|x64
		{5CF50285-36A8-4E6C-8C29-AD1BE1568B3C}.Release|x64.Build.0 = Release|x64
		{5CF50285-36A8-4E6C-8C29-AD1BE1568B3C}.Release|x86.ActiveCfg = Release|Win32
		{5CF50285-36A8-4E6C-8C29-AD1BE1568B3C}.Release|x86.Build.0 = Release|Win32
		{C2E6F110-912D-4A73-B3DB-A138D69B0168}.Debug|x64.ActiveCfg = Debug|x64
		{C2E6F110-912D-4A73-B3DB-A138D69B0168}.Debug|x64.Build.0 = Debug|x64
		{C2E6F110-912D-4A73-B3DB-A138D69B0168}.Debug|x86.ActiveCfg = Debug|Win32
		{C2E6F110-912D-4A73-B3DB-A138D69B0168}.Debug|x86.Build.0 = Debug|Win32
		{C2E6F110-912D-4A73-B3DB-A138D69B0168}.Release|x64.ActiveCfg = Release|x64
		{C2E6F110-912D-4A73-B3DB-A138D69B0168}.Release|x64.Build.0 = Release|x64
		{C2E6F110-912D-4A73-B3DB-A138D69B0168}.Release|x86.ActiveCfg = Release|Win32
		{C2E6F110-912D-4A73-B3DB-A138D69B0168}.Release|x86.Build.0 = Release|Win32
		{D78D5007-8491-428B-BB57-2E5532567BAF}.Debug|x64.ActiveCfg = Debug|x64
		{D78D5007-8491-428B-BB57-2E5532567BAF}.Debug|x64.Build.0 = Debug|x64
		{D78D5007-8491-428B-BB57-2E5532567BAF}.Debug|x86.ActiveCfg = Debug|Win32
		{D78D5007-8491-428B-BB57-2E5532567BAF}.Debug|x86.Build.0 = Debug|Win32
		{D78D5007-8491-428B-BB57-2E5532567BAF}.Release|x64.ActiveCfg = Release|x64
		{D78D5007-8491-428B-BB57-2E5532567BAF}.Release|x64.Build.0 = Release|x64
		{D78D5007-8491-428B-BB57-2E5532567BAF}.Release|x86.ActiveCfg = Release|Win32
		{D78D5007-8491-428B-BB57-2E5532567BAF}.Release|x86.Build.0 = Release|Win32
		{F0BE1990-7B04-48B6-995C-560FC33E3522}.Debug|x64.ActiveCfg = Debug|x64
		{F0BE1990-7B04-48B6-995C-560FC33E3522}.Debug|x64.Build.0 = Debug|x64
		{F0BE1990-7B04-48B6-995C-560FC33E3522}.Debug|x86.ActiveCfg = Debug|Win32
		{F0BE1990-7B04-48B6-995C-560FC33E3522}.Debug|x86.Build.0 = Debug|Win32
		{F0BE1990-7B04-48B6-995C-560FC33E3522}.Release|x64.ActiveCfg = Release|x64
		{F0BE1990-7B04-48B6-995C-560FC33E3522}.Release|x64.Build.0 = Release|x64
		{F0BE1990-7B04-48B6-995C-560FC33E3522}.Release|x86.ActiveCfg = Release|Win32
		{F0BE1990-7B04-48B6-995C-560FC33E3522}.Release|x86.Build.0 = Release|Win32
		{68725D5A-BC94-4494-92E7-826CFA19304A}.Debug|x64.ActiveCfg = Debug|x64
		{68725D5A-BC94-4494-92E7-826CFA19304A}.Debug|x64.Build.0 = Debug|x64
		{68725D5A-BC94-4494-92E7-826CFA19304A}.Debug|x86.ActiveCfg = Debug|Win32
		{68725D5A-BC94-4494-92E7-826CFA19304A}.Debug|x86.Build.0 = Debug|Win32
		{68725D5A-BC94-4494-92E7-826CFA19304A}.Release|x64.ActiveCfg = Release|x64
		{68725D5A-BC94-4494-92E7-826CFA19304A}.Release|x64.Build.0 = Release|x64
		{68725D5A-BC94-4494-92E7-826CFA19304A}.Release|x86.ActiveCfg = Release|Win32
		{68725D5A-BC94-4494-92E7-826CFA19304A}.Release|x86.Build.0 = Release|Win32
		{6CA4505F-B400-4757-9B1F-826B52F80E04}.Debug|x64.ActiveCfg = Debug|x64
		{6CA4505F-B400-4757-9B1F-826B52F80E04}.Debug|x64.Build.0 = Debug|x64
		{6CA4505F-B400-4757-9B1F-826B52F80E04}.Debug|x86.ActiveCfg = Debug|Win32
		{6CA4505F-B400-4757-9B1F-826B52F80E04}.Debug|x86.Build.0 = Debug|Win32
		{6CA4505F-B400-4757-9B1F-826B52F80E04}.Release|x64.ActiveCfg = Release|x64
		{6CA4505F-B400-4757-9B1F-826B52F80E04}.Release|x64.Build.0 = Release|x64
		{6CA4505F-B400-4757-9B1F-826B52F80E04}.Release|x86.ActiveCfg = Release|Win32
		{6CA4505F-B400-4757-9B1F-826B52F80E04}.Release|x86.Build.0 = Release|Win32
		{B165FA94-5039-4C53-A09F-1EB58CCDF317}.Debug|x64.ActiveCfg = Debug|x64
		{B165FA94-5039-4C53-A09F-1EB58CCDF317}.Debug|x64.Build.0 = Debug|x64
		{B165FA94-5039-4C53-A09F-1EB58CCDF317}.Debug|x86.ActiveCfg = Debug|Win32
		{B165FA94-5039-4C53-A09F-1EB58CCDF317}.Debug|x86.Build.0 = Debug|Win32
		{B165FA94-5039-4C53-A09F-1EB58CCDF317}.Release|x64.ActiveCfg = Release|x64
		{B165FA94-5039-4C53-A09F-1EB58CCDF317}.Release|x64.Build.0 = Release|x64
		{B165FA94-5039-4C53-A09F-1EB58CCDF317}.Release|x86.ActiveCfg = Release|Win32
		{B165FA94-5039-4C53-A09F-1EB58CCDF317}.Release|x86.Build.0 = Release|Win32
	EndGlobalSection
	GlobalSection(SolutionProperties) = preSolution
		HideSolutionNode = FALSE
	EndGlobalSection
EndGlobal
